# Generated by move; do not edit
# This file should be checked in.

[move]
version = 4

[pinned.mainnet.MoveStdlib]
source = { git = "https://github.com/MystenLabs/sui.git", subdir = "crates/sui-framework/packages/move-stdlib", rev = "58958fdcda5e34435a3042632372e22a48a06869" }
use_environment = "mainnet"
manifest_digest = "C4FE4C91DE74CBF223B2E380AE40F592177D21870DC2D7EB6227D2D694E05363"
deps = {}

[pinned.mainnet.Sui]
source = { git = "https://github.com/MystenLabs/sui.git", subdir = "crates/sui-framework/packages/sui-framework", rev = "58958fdcda5e34435a3042632372e22a48a06869" }
use_environment = "mainnet"
manifest_digest = "CD547CB1ACCE0880C835DAED2D8FFCB91D56C833AE5240D3AA5B918398263195"
deps = { MoveStdlib = "MoveStdlib" }

[pinned.mainnet.portfolio]
source = { root = true }
use_environment = "mainnet"
manifest_digest = "9ED47E4CFE9C4E61E7108F1F6FE785CD27380709CE70365C7F498043D68E197C"
deps = { MoveStdlib = "MoveStdlib", Sui = "Sui" }

[pinned.testnet.MoveStdlib]
source = { git = "https://github.com/MystenLabs/sui.git", subdir = "crates/sui-framework/packages/move-stdlib", rev = "36784a964769724fda65d87d780a805786945893" }
use_environment = "testnet"
manifest_digest = "C4FE4C91DE74CBF223B2E380AE40F592177D21870DC2D7EB6227D2D694E05363"
deps = {}

[pinned.testnet.Sui]
source = { git = "https://github.com/MystenLabs/sui.git", subdir = "crates/sui-framework/packages/sui-framework", rev = "36784a964769724fda65d87d780a805786945893" }
use_environment = "testnet"
manifest_digest = "7AFB66695545775FBFBB2D3078ADFD084244D5002392E837FDE21D9EA1C6D01C"
deps = { MoveStdlib = "MoveStdlib" }

[pinned.testnet.portfolio]
source = { root = true }
use_environment = "testnet"
manifest_digest = "45EFD676D9CECF32B2B0AE839343DBC12BD73F662279345271321DE8F3ACAF2F"
deps = { MoveStdlib = "MoveStdlib", Sui = "Sui" }
